
Microsoft Visual Studio Solution File, Format Version 12.00
# Visual Studio Version 16
VisualStudioVersion = 16.0.30320.27
MinimumVisualStudioVersion = 10.0.40219.1
Project("{FAE04EC0-301F-11D3-BF4B-00C04F79EFBC}") = "ACM.BL", "ACM.BL\ACM.BL.csproj", "{DE0EACAA-B107-4CD6-AF20-9CF4EB270D3C}"
EndProject
Global
	GlobalSection(SolutionConfigurationPlatforms) = preSolution
		Debug|Any CPU = Debug|Any CPU
		Release|Any CPU = Release|Any CPU
	EndGlobalSection
	GlobalSection(ProjectConfigurationPlatforms) = postSolution
		{DE0EACAA-B107-4CD6-AF20-9CF4EB270D3C}.Debug|Any CPU.ActiveCfg = Debug|Any CPU
		{DE0EACAA-B107-4CD6-AF20-9CF4EB270D3C}.Debug|Any CPU.Build.0 = Debug|Any CPU
		{DE0EACAA-B107-4CD6-AF20-9CF4EB270D3C}.Release|Any CPU.ActiveCfg = Release|Any CPU
		{DE0EACAA-B107-4CD6-AF20-9CF4EB270D3C}.Release|Any CPU.Build.0 = Release|Any CPU
	EndGlobalSection
	GlobalSection(SolutionProperties) = preSolution
		HideSolutionNode = FALSE
	EndGlobalSection
	GlobalSection(ExtensibilityGlobals) = postSolution
		SolutionGuid = {4AF355E1-586C-4F77-B5BA-6FCE7790E1E1}
	EndGlobalSection
EndGlobal
